
Microsoft Visual Studio Solution File, Format Version 12.00
# Visual Studio Version 17
VisualStudioVersion = 17.5.002.0
MinimumVisualStudioVersion = 10.0.40219.1
Project("{9A19103F-16F7-4668-BE54-9A1E7A4F7556}") = "BasketballTournament", "BasketballTournament.csproj", "{1AD5DF06-754C-485E-8EE9-11AF50370B65}"
EndProject
Global
	GlobalSection(SolutionConfigurationPlatforms) = preSolution
		Debug|Any CPU = Debug|Any CPU
		Release|Any CPU = Release|Any CPU
	EndGlobalSection
	GlobalSection(ProjectConfigurationPlatforms) = postSolution
		{1AD5DF06-754C-485E-8EE9-11AF50370B65}.Debug|Any CPU.ActiveCfg = Debug|Any CPU
		{1AD5DF06-754C-485E-8EE9-11AF50370B65}.Debug|Any CPU.Build.0 = Debug|Any CPU
		{1AD5DF06-754C-485E-8EE9-11AF50370B65}.Release|Any CPU.ActiveCfg = Release|Any CPU
		{1AD5DF06-754C-485E-8EE9-11AF50370B65}.Release|Any CPU.Build.0 = Release|Any CPU
	EndGlobalSection
	GlobalSection(SolutionProperties) = preSolution
		HideSolutionNode = FALSE
	EndGlobalSection
	GlobalSection(ExtensibilityGlobals) = postSolution
		SolutionGuid = {CAFC9B7E-5171-4C46-9FF2-3D510F0E2CC1}
	EndGlobalSection
EndGlobal
